
Microsoft Visual Studio Solution File, Format Version 12.00
# Visual Studio Version 17
VisualStudioVersion = 17.13.35825.156 d17.13
MinimumVisualStudioVersion = 10.0.40219.1
Project("{FAE04EC0-301F-11D3-BF4B-00C04F79EFBC}") = "LowerToUpperAndUpperToLower", "LowerToUpperAndUpperToLower\LowerToUpperAndUpperToLower.csproj", "{80FE65E7-763F-4F62-A754-88461E8C146B}"
EndProject
Global
	GlobalSection(SolutionConfigurationPlatforms) = preSolution
		Debug|Any CPU = Debug|Any CPU
		Release|Any CPU = Release|Any CPU
	EndGlobalSection
	GlobalSection(ProjectConfigurationPlatforms) = postSolution
		{80FE65E7-763F-4F62-A754-88461E8C146B}.Debug|Any CPU.ActiveCfg = Debug|Any CPU
		{80FE65E7-763F-4F62-A754-88461E8C146B}.Debug|Any CPU.Build.0 = Debug|Any CPU
		{80FE65E7-763F-4F62-A754-88461E8C146B}.Release|Any CPU.ActiveCfg = Release|Any CPU
		{80FE65E7-763F-4F62-A754-88461E8C146B}.Release|Any CPU.Build.0 = Release|Any CPU
	EndGlobalSection
	GlobalSection(SolutionProperties) = preSolution
		HideSolutionNode = FALSE
	EndGlobalSection
	GlobalSection(ExtensibilityGlobals) = postSolution
		SolutionGuid = {211D89DC-0E16-408E-AABE-F3DE46C922E0}
	EndGlobalSection
EndGlobal
