
Microsoft Visual Studio Solution File, Format Version 12.00
# Visual Studio Version 17
VisualStudioVersion = 17.13.35825.156 d17.13
MinimumVisualStudioVersion = 10.0.40219.1
Project("{FAE04EC0-301F-11D3-BF4B-00C04F79EFBC}") = "CubeRoot", "CubeRoot\CubeRoot.csproj", "{DFF178D1-5E10-4DFA-9845-9228DC5C4609}"
EndProject
Global
	GlobalSection(SolutionConfigurationPlatforms) = preSolution
		Debug|Any CPU = Debug|Any CPU
		Release|Any CPU = Release|Any CPU
	EndGlobalSection
	GlobalSection(ProjectConfigurationPlatforms) = postSolution
		{DFF178D1-5E10-4DFA-9845-9228DC5C4609}.Debug|Any CPU.ActiveCfg = Debug|Any CPU
		{DFF178D1-5E10-4DFA-9845-9228DC5C4609}.Debug|Any CPU.Build.0 = Debug|Any CPU
		{DFF178D1-5E10-4DFA-9845-9228DC5C4609}.Release|Any CPU.ActiveCfg = Release|Any CPU
		{DFF178D1-5E10-4DFA-9845-9228DC5C4609}.Release|Any CPU.Build.0 = Release|Any CPU
	EndGlobalSection
	GlobalSection(SolutionProperties) = preSolution
		HideSolutionNode = FALSE
	EndGlobalSection
	GlobalSection(ExtensibilityGlobals) = postSolution
		SolutionGuid = {2D02E0B9-4C88-4D2D-8E60-D9C537BE15DD}
	EndGlobalSection
EndGlobal
