
Microsoft Visual Studio Solution File, Format Version 12.00
# Visual Studio Version 17
VisualStudioVersion = 17.13.35825.156 d17.13
MinimumVisualStudioVersion = 10.0.40219.1
Project("{FAE04EC0-301F-11D3-BF4B-00C04F79EFBC}") = "SumDigitsOfNumber", "SumDigitsOfNumber\SumDigitsOfNumber.csproj", "{9A31445E-7E2F-4531-A7A1-77C22F561CD1}"
EndProject
Global
	GlobalSection(SolutionConfigurationPlatforms) = preSolution
		Debug|Any CPU = Debug|Any CPU
		Release|Any CPU = Release|Any CPU
	EndGlobalSection
	GlobalSection(ProjectConfigurationPlatforms) = postSolution
		{9A31445E-7E2F-4531-A7A1-77C22F561CD1}.Debug|Any CPU.ActiveCfg = Debug|Any CPU
		{9A31445E-7E2F-4531-A7A1-77C22F561CD1}.Debug|Any CPU.Build.0 = Debug|Any CPU
		{9A31445E-7E2F-4531-A7A1-77C22F561CD1}.Release|Any CPU.ActiveCfg = Release|Any CPU
		{9A31445E-7E2F-4531-A7A1-77C22F561CD1}.Release|Any CPU.Build.0 = Release|Any CPU
	EndGlobalSection
	GlobalSection(SolutionProperties) = preSolution
		HideSolutionNode = FALSE
	EndGlobalSection
	GlobalSection(ExtensibilityGlobals) = postSolution
		SolutionGuid = {D34F33D3-FC19-4EBD-98E8-35ACB45903D3}
	EndGlobalSection
EndGlobal
