
Microsoft Visual Studio Solution File, Format Version 12.00
# Visual Studio Version 17
VisualStudioVersion = 17.13.35825.156 d17.13
MinimumVisualStudioVersion = 10.0.40219.1
Project("{FAE04EC0-301F-11D3-BF4B-00C04F79EFBC}") = "FactorialOfNumber", "FactorialOfNumber\FactorialOfNumber.csproj", "{952B2434-1E11-48B3-AE80-DF5978339DB3}"
EndProject
Global
	GlobalSection(SolutionConfigurationPlatforms) = preSolution
		Debug|Any CPU = Debug|Any CPU
		Release|Any CPU = Release|Any CPU
	EndGlobalSection
	GlobalSection(ProjectConfigurationPlatforms) = postSolution
		{952B2434-1E11-48B3-AE80-DF5978339DB3}.Debug|Any CPU.ActiveCfg = Debug|Any CPU
		{952B2434-1E11-48B3-AE80-DF5978339DB3}.Debug|Any CPU.Build.0 = Debug|Any CPU
		{952B2434-1E11-48B3-AE80-DF5978339DB3}.Release|Any CPU.ActiveCfg = Release|Any CPU
		{952B2434-1E11-48B3-AE80-DF5978339DB3}.Release|Any CPU.Build.0 = Release|Any CPU
	EndGlobalSection
	GlobalSection(SolutionProperties) = preSolution
		HideSolutionNode = FALSE
	EndGlobalSection
	GlobalSection(ExtensibilityGlobals) = postSolution
		SolutionGuid = {6B3B9318-11F4-47C5-8657-DDAB25F3F742}
	EndGlobalSection
EndGlobal
