
Microsoft Visual Studio Solution File, Format Version 12.00
# Visual Studio Version 17
VisualStudioVersion = 17.13.35931.197 d17.13
MinimumVisualStudioVersion = 10.0.40219.1
Project("{FAE04EC0-301F-11D3-BF4B-00C04F79EFBC}") = "HelloWorldWithoutWriteLine", "HelloWorldWithoutWriteLine\HelloWorldWithoutWriteLine.csproj", "{0C317B7D-C784-4C99-A18A-C9CC3B55492C}"
EndProject
Global
	GlobalSection(SolutionConfigurationPlatforms) = preSolution
		Debug|Any CPU = Debug|Any CPU
		Release|Any CPU = Release|Any CPU
	EndGlobalSection
	GlobalSection(ProjectConfigurationPlatforms) = postSolution
		{0C317B7D-C784-4C99-A18A-C9CC3B55492C}.Debug|Any CPU.ActiveCfg = Debug|Any CPU
		{0C317B7D-C784-4C99-A18A-C9CC3B55492C}.Debug|Any CPU.Build.0 = Debug|Any CPU
		{0C317B7D-C784-4C99-A18A-C9CC3B55492C}.Release|Any CPU.ActiveCfg = Release|Any CPU
		{0C317B7D-C784-4C99-A18A-C9CC3B55492C}.Release|Any CPU.Build.0 = Release|Any CPU
	EndGlobalSection
	GlobalSection(SolutionProperties) = preSolution
		HideSolutionNode = FALSE
	EndGlobalSection
	GlobalSection(ExtensibilityGlobals) = postSolution
		SolutionGuid = {E91207A2-A24B-4BFA-B9F7-935F79C34462}
	EndGlobalSection
EndGlobal
