
Microsoft Visual Studio Solution File, Format Version 12.00
# Visual Studio Version 17
VisualStudioVersion = 17.13.35825.156 d17.13
MinimumVisualStudioVersion = 10.0.40219.1
Project("{FAE04EC0-301F-11D3-BF4B-00C04F79EFBC}") = "GetUniversalTime", "GetUniversalTime\GetUniversalTime.csproj", "{0CB20029-14F5-4D0A-B4CA-AF65E247F440}"
EndProject
Global
	GlobalSection(SolutionConfigurationPlatforms) = preSolution
		Debug|Any CPU = Debug|Any CPU
		Release|Any CPU = Release|Any CPU
	EndGlobalSection
	GlobalSection(ProjectConfigurationPlatforms) = postSolution
		{0CB20029-14F5-4D0A-B4CA-AF65E247F440}.Debug|Any CPU.ActiveCfg = Debug|Any CPU
		{0CB20029-14F5-4D0A-B4CA-AF65E247F440}.Debug|Any CPU.Build.0 = Debug|Any CPU
		{0CB20029-14F5-4D0A-B4CA-AF65E247F440}.Release|Any CPU.ActiveCfg = Release|Any CPU
		{0CB20029-14F5-4D0A-B4CA-AF65E247F440}.Release|Any CPU.Build.0 = Release|Any CPU
	EndGlobalSection
	GlobalSection(SolutionProperties) = preSolution
		HideSolutionNode = FALSE
	EndGlobalSection
	GlobalSection(ExtensibilityGlobals) = postSolution
		SolutionGuid = {D47CF9A5-7145-45E8-B2D3-1A2B69B2DB53}
	EndGlobalSection
EndGlobal
