
Microsoft Visual Studio Solution File, Format Version 12.00
# Visual Studio Version 17
VisualStudioVersion = 17.13.35825.156 d17.13
MinimumVisualStudioVersion = 10.0.40219.1
Project("{FAE04EC0-301F-11D3-BF4B-00C04F79EFBC}") = "AllMultiplesOf17", "AllMultiplesOf17\AllMultiplesOf17.csproj", "{02295597-B540-48FE-A16A-083EDAC06FAD}"
EndProject
Global
	GlobalSection(SolutionConfigurationPlatforms) = preSolution
		Debug|Any CPU = Debug|Any CPU
		Release|Any CPU = Release|Any CPU
	EndGlobalSection
	GlobalSection(ProjectConfigurationPlatforms) = postSolution
		{02295597-B540-48FE-A16A-083EDAC06FAD}.Debug|Any CPU.ActiveCfg = Debug|Any CPU
		{02295597-B540-48FE-A16A-083EDAC06FAD}.Debug|Any CPU.Build.0 = Debug|Any CPU
		{02295597-B540-48FE-A16A-083EDAC06FAD}.Release|Any CPU.ActiveCfg = Release|Any CPU
		{02295597-B540-48FE-A16A-083EDAC06FAD}.Release|Any CPU.Build.0 = Release|Any CPU
	EndGlobalSection
	GlobalSection(SolutionProperties) = preSolution
		HideSolutionNode = FALSE
	EndGlobalSection
	GlobalSection(ExtensibilityGlobals) = postSolution
		SolutionGuid = {54C8F602-7419-4119-BEC0-9828EF5112E6}
	EndGlobalSection
EndGlobal
