
Microsoft Visual Studio Solution File, Format Version 12.00
# Visual Studio Version 17
VisualStudioVersion = 17.13.35825.156 d17.13
MinimumVisualStudioVersion = 10.0.40219.1
Project("{FAE04EC0-301F-11D3-BF4B-00C04F79EFBC}") = "PowerOf", "PowerOf\PowerOf.csproj", "{5B5FCF9A-BDD7-4FB6-B25D-4E63E3B3A309}"
EndProject
Global
	GlobalSection(SolutionConfigurationPlatforms) = preSolution
		Debug|Any CPU = Debug|Any CPU
		Release|Any CPU = Release|Any CPU
	EndGlobalSection
	GlobalSection(ProjectConfigurationPlatforms) = postSolution
		{5B5FCF9A-BDD7-4FB6-B25D-4E63E3B3A309}.Debug|Any CPU.ActiveCfg = Debug|Any CPU
		{5B5FCF9A-BDD7-4FB6-B25D-4E63E3B3A309}.Debug|Any CPU.Build.0 = Debug|Any CPU
		{5B5FCF9A-BDD7-4FB6-B25D-4E63E3B3A309}.Release|Any CPU.ActiveCfg = Release|Any CPU
		{5B5FCF9A-BDD7-4FB6-B25D-4E63E3B3A309}.Release|Any CPU.Build.0 = Release|Any CPU
	EndGlobalSection
	GlobalSection(SolutionProperties) = preSolution
		HideSolutionNode = FALSE
	EndGlobalSection
	GlobalSection(ExtensibilityGlobals) = postSolution
		SolutionGuid = {BE0F0174-F0E3-489F-ABE3-59AAAA279BBC}
	EndGlobalSection
EndGlobal
