
Microsoft Visual Studio Solution File, Format Version 12.00
# Visual Studio Version 17
VisualStudioVersion = 17.13.35825.156 d17.13
MinimumVisualStudioVersion = 10.0.40219.1
Project("{FAE04EC0-301F-11D3-BF4B-00C04F79EFBC}") = "BinaryToDecimal", "BinaryToDecimal\BinaryToDecimal.csproj", "{951F28B4-5072-4046-98D9-C29234D1E20B}"
EndProject
Global
	GlobalSection(SolutionConfigurationPlatforms) = preSolution
		Debug|Any CPU = Debug|Any CPU
		Release|Any CPU = Release|Any CPU
	EndGlobalSection
	GlobalSection(ProjectConfigurationPlatforms) = postSolution
		{951F28B4-5072-4046-98D9-C29234D1E20B}.Debug|Any CPU.ActiveCfg = Debug|Any CPU
		{951F28B4-5072-4046-98D9-C29234D1E20B}.Debug|Any CPU.Build.0 = Debug|Any CPU
		{951F28B4-5072-4046-98D9-C29234D1E20B}.Release|Any CPU.ActiveCfg = Release|Any CPU
		{951F28B4-5072-4046-98D9-C29234D1E20B}.Release|Any CPU.Build.0 = Release|Any CPU
	EndGlobalSection
	GlobalSection(SolutionProperties) = preSolution
		HideSolutionNode = FALSE
	EndGlobalSection
	GlobalSection(ExtensibilityGlobals) = postSolution
		SolutionGuid = {A342BE65-DD1A-4F43-ABFD-660C080372BC}
	EndGlobalSection
EndGlobal
